
Microsoft Visual Studio Solution File, Format Version 12.00
# Visual Studio Version 17
VisualStudioVersion = 17.6.33829.357
MinimumVisualStudioVersion = 10.0.40219.1
Project("{FAE04EC0-301F-11D3-BF4B-00C04F79EFBC}") = "ConceitosBasicos", "ConceitosBasicos\ConceitosBasicos.csproj", "{9126264C-E23F-43A8-82CB-665B6E237503}"
EndProject
Global
	GlobalSection(SolutionConfigurationPlatforms) = preSolution
		Debug|Any CPU = Debug|Any CPU
		Release|Any CPU = Release|Any CPU
	EndGlobalSection
	GlobalSection(ProjectConfigurationPlatforms) = postSolution
		{9126264C-E23F-43A8-82CB-665B6E237503}.Debug|Any CPU.ActiveCfg = Debug|Any CPU
		{9126264C-E23F-43A8-82CB-665B6E237503}.Debug|Any CPU.Build.0 = Debug|Any CPU
		{9126264C-E23F-43A8-82CB-665B6E237503}.Release|Any CPU.ActiveCfg = Release|Any CPU
		{9126264C-E23F-43A8-82CB-665B6E237503}.Release|Any CPU.Build.0 = Release|Any CPU
	EndGlobalSection
	GlobalSection(SolutionProperties) = preSolution
		HideSolutionNode = FALSE
	EndGlobalSection
	GlobalSection(ExtensibilityGlobals) = postSolution
		SolutionGuid = {C41589A3-0B92-46BF-B620-CE501CA8594C}
	EndGlobalSection
EndGlobal
